
Microsoft Visual Studio Solution File, Format Version 12.00
# Visual Studio Version 17
VisualStudioVersion = 17.8.34330.188
MinimumVisualStudioVersion = 10.0.40219.1
Project("{888888A0-9F3D-457C-B088-3A5042F75D52}") = "Microgrid_simulation", "Microgrid_simulation\Microgrid_simulation.pyproj", "{8F43F869-469C-482D-A5F2-206546CEB772}"
EndProject
Global
	GlobalSection(SolutionConfigurationPlatforms) = preSolution
		Debug|Any CPU = Debug|Any CPU
		Release|Any CPU = Release|Any CPU
	EndGlobalSection
	GlobalSection(ProjectConfigurationPlatforms) = postSolution
		{8F43F869-469C-482D-A5F2-206546CEB772}.Debug|Any CPU.ActiveCfg = Debug|Any CPU
		{8F43F869-469C-482D-A5F2-206546CEB772}.Release|Any CPU.ActiveCfg = Release|Any CPU
	EndGlobalSection
	GlobalSection(SolutionProperties) = preSolution
		HideSolutionNode = FALSE
	EndGlobalSection
	GlobalSection(ExtensibilityGlobals) = postSolution
		SolutionGuid = {B64535BD-E4C0-4049-BDBB-E78443CC5935}
	EndGlobalSection
EndGlobal
